
Microsoft Visual Studio Solution File, Format Version 12.00
# Visual Studio Version 17
VisualStudioVersion = 17.14.36221.1
MinimumVisualStudioVersion = 10.0.40219.1
Project("{8BC9CEB8-8B4A-11D0-8D11-00A0C91BC942}") = "MainServer", "MainServer\MainServer.vcxproj", "{4BDCD214-402F-4D1B-8342-3660185D3451}"
EndProject
Project("{8BC9CEB8-8B4A-11D0-8D11-00A0C91BC942}") = "LoginServer", "LoginServer\LoginServer.vcxproj", "{528EBD1E-A3C4-4DB5-AB27-C076A40D8039}"
EndProject
Project("{8BC9CEB8-8B4A-11D0-8D11-00A0C91BC942}") = "UserServer", "UserServer\UserServer.vcxproj", "{262E3BA3-ACE2-4B8C-9592-CF064F11E845}"
EndProject
Project("{8BC9CEB8-8B4A-11D0-8D11-00A0C91BC942}") = "MemCachedServer", "MemCachedServer\MemCachedServer.vcxproj", "{4509DD7A-5503-46EF-B5AB-60CD86B835F6}"
EndProject
Project("{8BC9CEB8-8B4A-11D0-8D11-00A0C91BC942}") = "ChatServer", "ChatServer\ChatServer.vcxproj", "{F7F7CA4D-F816-4503-BE16-CE683350B637}"
EndProject
Project("{8BC9CEB8-8B4A-11D0-8D11-00A0C91BC942}") = "GlobalLib", "GlobalLib\GlobalLib.vcxproj", "{CA874FDF-54CD-4C54-A21D-D5194E7EBD55}"
EndProject
Project("{00D1A9C2-B5F0-4AF3-8072-F6C62B433612}") = "UserDataBase", "UserDataBase\UserDataBase.sqlproj", "{9397DF9C-84BF-45C4-9247-86A282A5F34A}"
EndProject
Project("{2150E333-8FDC-42A3-9474-1A3956D46DE8}") = "Database", "Database", "{C8D5274F-AC00-46C7-1F8D-E88E81087A52}"
EndProject
Project("{00D1A9C2-B5F0-4AF3-8072-F6C62B433612}") = "MemberDatabase", "MemberDatabase\MemberDatabase.sqlproj", "{15EF84AA-7D8D-4194-9F03-48991509EE71}"
EndProject
Global
	GlobalSection(SolutionConfigurationPlatforms) = preSolution
		Debug|Any CPU = Debug|Any CPU
		Debug|x64 = Debug|x64
		Debug|x86 = Debug|x86
		Release|Any CPU = Release|Any CPU
		Release|x64 = Release|x64
		Release|x86 = Release|x86
	EndGlobalSection
	GlobalSection(ProjectConfigurationPlatforms) = postSolution
		{4BDCD214-402F-4D1B-8342-3660185D3451}.Debug|Any CPU.ActiveCfg = Debug|x64
		{4BDCD214-402F-4D1B-8342-3660185D3451}.Debug|Any CPU.Build.0 = Debug|x64
		{4BDCD214-402F-4D1B-8342-3660185D3451}.Debug|x64.ActiveCfg = Debug|x64
		{4BDCD214-402F-4D1B-8342-3660185D3451}.Debug|x64.Build.0 = Debug|x64
		{4BDCD214-402F-4D1B-8342-3660185D3451}.Debug|x86.ActiveCfg = Debug|Win32
		{4BDCD214-402F-4D1B-8342-3660185D3451}.Debug|x86.Build.0 = Debug|Win32
		{4BDCD214-402F-4D1B-8342-3660185D3451}.Release|Any CPU.ActiveCfg = Release|x64
		{4BDCD214-402F-4D1B-8342-3660185D3451}.Release|Any CPU.Build.0 = Release|x64
		{4BDCD214-402F-4D1B-8342-3660185D3451}.Release|x64.ActiveCfg = Release|x64
		{4BDCD214-402F-4D1B-8342-3660185D3451}.Release|x64.Build.0 = Release|x64
		{4BDCD214-402F-4D1B-8342-3660185D3451}.Release|x86.ActiveCfg = Release|Win32
		{4BDCD214-402F-4D1B-8342-3660185D3451}.Release|x86.Build.0 = Release|Win32
		{528EBD1E-A3C4-4DB5-AB27-C076A40D8039}.Debug|Any CPU.ActiveCfg = Debug|x64
		{528EBD1E-A3C4-4DB5-AB27-C076A40D8039}.Debug|Any CPU.Build.0 = Debug|x64
		{528EBD1E-A3C4-4DB5-AB27-C076A40D8039}.Debug|x64.ActiveCfg = Debug|x64
		{528EBD1E-A3C4-4DB5-AB27-C076A40D8039}.Debug|x64.Build.0 = Debug|x64
		{528EBD1E-A3C4-4DB5-AB27-C076A40D8039}.Debug|x86.ActiveCfg = Debug|Win32
		{528EBD1E-A3C4-4DB5-AB27-C076A40D8039}.Debug|x86.Build.0 = Debug|Win32
		{528EBD1E-A3C4-4DB5-AB27-C076A40D8039}.Release|Any CPU.ActiveCfg = Release|x64
		{528EBD1E-A3C4-4DB5-AB27-C076A40D8039}.Release|Any CPU.Build.0 = Release|x64
		{528EBD1E-A3C4-4DB5-AB27-C076A40D8039}.Release|x64.ActiveCfg = Release|x64
		{528EBD1E-A3C4-4DB5-AB27-C076A40D8039}.Release|x64.Build.0 = Release|x64
		{528EBD1E-A3C4-4DB5-AB27-C076A40D8039}.Release|x86.ActiveCfg = Release|Win32
		{528EBD1E-A3C4-4DB5-AB27-C076A40D8039}.Release|x86.Build.0 = Release|Win32
		{262E3BA3-ACE2-4B8C-9592-CF064F11E845}.Debug|Any CPU.ActiveCfg = Debug|x64
		{262E3BA3-ACE2-4B8C-9592-CF064F11E845}.Debug|Any CPU.Build.0 = Debug|x64
		{262E3BA3-ACE2-4B8C-9592-CF064F11E845}.Debug|x64.ActiveCfg = Debug|x64
		{262E3BA3-ACE2-4B8C-9592-CF064F11E845}.Debug|x64.Build.0 = Debug|x64
		{262E3BA3-ACE2-4B8C-9592-CF064F11E845}.Debug|x86.ActiveCfg = Debug|Win32
		{262E3BA3-ACE2-4B8C-9592-CF064F11E845}.Debug|x86.Build.0 = Debug|Win32
		{262E3BA3-ACE2-4B8C-9592-CF064F11E845}.Release|Any CPU.ActiveCfg = Release|x64
		{262E3BA3-ACE2-4B8C-9592-CF064F11E845}.Release|Any CPU.Build.0 = Release|x64
		{262E3BA3-ACE2-4B8C-9592-CF064F11E845}.Release|x64.ActiveCfg = Release|x64
		{262E3BA3-ACE2-4B8C-9592-CF064F11E845}.Release|x64.Build.0 = Release|x64
		{262E3BA3-ACE2-4B8C-9592-CF064F11E845}.Release|x86.ActiveCfg = Release|Win32
		{262E3BA3-ACE2-4B8C-9592-CF064F11E845}.Release|x86.Build.0 = Release|Win32
		{4509DD7A-5503-46EF-B5AB-60CD86B835F6}.Debug|Any CPU.ActiveCfg = Debug|x64
		{4509DD7A-5503-46EF-B5AB-60CD86B835F6}.Debug|Any CPU.Build.0 = Debug|x64
		{4509DD7A-5503-46EF-B5AB-60CD86B835F6}.Debug|x64.ActiveCfg = Debug|x64
		{4509DD7A-5503-46EF-B5AB-60CD86B835F6}.Debug|x64.Build.0 = Debug|x64
		{4509DD7A-5503-46EF-B5AB-60CD86B835F6}.Debug|x86.ActiveCfg = Debug|Win32
		{4509DD7A-5503-46EF-B5AB-60CD86B835F6}.Debug|x86.Build.0 = Debug|Win32
		{4509DD7A-5503-46EF-B5AB-60CD86B835F6}.Release|Any CPU.ActiveCfg = Release|x64
		{4509DD7A-5503-46EF-B5AB-60CD86B835F6}.Release|Any CPU.Build.0 = Release|x64
		{4509DD7A-5503-46EF-B5AB-60CD86B835F6}.Release|x64.ActiveCfg = Release|x64
		{4509DD7A-5503-46EF-B5AB-60CD86B835F6}.Release|x64.Build.0 = Release|x64
		{4509DD7A-5503-46EF-B5AB-60CD86B835F6}.Release|x86.ActiveCfg = Release|Win32
		{4509DD7A-5503-46EF-B5AB-60CD86B835F6}.Release|x86.Build.0 = Release|Win32
		{F7F7CA4D-F816-4503-BE16-CE683350B637}.Debug|Any CPU.ActiveCfg = Debug|x64
		{F7F7CA4D-F816-4503-BE16-CE683350B637}.Debug|Any CPU.Build.0 = Debug|x64
		{F7F7CA4D-F816-4503-BE16-CE683350B637}.Debug|x64.ActiveCfg = Debug|x64
		{F7F7CA4D-F816-4503-BE16-CE683350B637}.Debug|x64.Build.0 = Debug|x64
		{F7F7CA4D-F816-4503-BE16-CE683350B637}.Debug|x86.ActiveCfg = Debug|Win32
		{F7F7CA4D-F816-4503-BE16-CE683350B637}.Debug|x86.Build.0 = Debug|Win32
		{F7F7CA4D-F816-4503-BE16-CE683350B637}.Release|Any CPU.ActiveCfg = Release|x64
		{F7F7CA4D-F816-4503-BE16-CE683350B637}.Release|Any CPU.Build.0 = Release|x64
		{F7F7CA4D-F816-4503-BE16-CE683350B637}.Release|x64.ActiveCfg = Release|x64
		{F7F7CA4D-F816-4503-BE16-CE683350B637}.Release|x64.Build.0 = Release|x64
		{F7F7CA4D-F816-4503-BE16-CE683350B637}.Release|x86.ActiveCfg = Release|Win32
		{F7F7CA4D-F816-4503-BE16-CE683350B637}.Release|x86.Build.0 = Release|Win32
		{CA874FDF-54CD-4C54-A21D-D5194E7EBD55}.Debug|Any CPU.ActiveCfg = Debug|x64
		{CA874FDF-54CD-4C54-A21D-D5194E7EBD55}.Debug|Any CPU.Build.0 = Debug|x64
		{CA874FDF-54CD-4C54-A21D-D5194E7EBD55}.Debug|x64.ActiveCfg = Debug|x64
		{CA874FDF-54CD-4C54-A21D-D5194E7EBD55}.Debug|x64.Build.0 = Debug|x64
		{CA874FDF-54CD-4C54-A21D-D5194E7EBD55}.Debug|x86.ActiveCfg = Debug|Win32
		{CA874FDF-54CD-4C54-A21D-D5194E7EBD55}.Debug|x86.Build.0 = Debug|Win32
		{CA874FDF-54CD-4C54-A21D-D5194E7EBD55}.Release|Any CPU.ActiveCfg = Release|x64
		{CA874FDF-54CD-4C54-A21D-D5194E7EBD55}.Release|Any CPU.Build.0 = Release|x64
		{CA874FDF-54CD-4C54-A21D-D5194E7EBD55}.Release|x64.ActiveCfg = Release|x64
		{CA874FDF-54CD-4C54-A21D-D5194E7EBD55}.Release|x64.Build.0 = Release|x64
		{CA874FDF-54CD-4C54-A21D-D5194E7EBD55}.Release|x86.ActiveCfg = Release|Win32
		{CA874FDF-54CD-4C54-A21D-D5194E7EBD55}.Release|x86.Build.0 = Release|Win32
		{9397DF9C-84BF-45C4-9247-86A282A5F34A}.Debug|Any CPU.ActiveCfg = Debug|Any CPU
		{9397DF9C-84BF-45C4-9247-86A282A5F34A}.Debug|Any CPU.Build.0 = Debug|Any CPU
		{9397DF9C-84BF-45C4-9247-86A282A5F34A}.Debug|Any CPU.Deploy.0 = Debug|Any CPU
		{9397DF9C-84BF-45C4-9247-86A282A5F34A}.Debug|x64.ActiveCfg = Debug|Any CPU
		{9397DF9C-84BF-45C4-9247-86A282A5F34A}.Debug|x64.Build.0 = Debug|Any CPU
		{9397DF9C-84BF-45C4-9247-86A282A5F34A}.Debug|x64.Deploy.0 = Debug|Any CPU
		{9397DF9C-84BF-45C4-9247-86A282A5F34A}.Debug|x86.ActiveCfg = Debug|Any CPU
		{9397DF9C-84BF-45C4-9247-86A282A5F34A}.Debug|x86.Build.0 = Debug|Any CPU
		{9397DF9C-84BF-45C4-9247-86A282A5F34A}.Debug|x86.Deploy.0 = Debug|Any CPU
		{9397DF9C-84BF-45C4-9247-86A282A5F34A}.Release|Any CPU.ActiveCfg = Release|Any CPU
		{9397DF9C-84BF-45C4-9247-86A282A5F34A}.Release|Any CPU.Build.0 = Release|Any CPU
		{9397DF9C-84BF-45C4-9247-86A282A5F34A}.Release|Any CPU.Deploy.0 = Release|Any CPU
		{9397DF9C-84BF-45C4-9247-86A282A5F34A}.Release|x64.ActiveCfg = Release|Any CPU
		{9397DF9C-84BF-45C4-9247-86A282A5F34A}.Release|x64.Build.0 = Release|Any CPU
		{9397DF9C-84BF-45C4-9247-86A282A5F34A}.Release|x64.Deploy.0 = Release|Any CPU
		{9397DF9C-84BF-45C4-9247-86A282A5F34A}.Release|x86.ActiveCfg = Release|Any CPU
		{9397DF9C-84BF-45C4-9247-86A282A5F34A}.Release|x86.Build.0 = Release|Any CPU
		{9397DF9C-84BF-45C4-9247-86A282A5F34A}.Release|x86.Deploy.0 = Release|Any CPU
		{15EF84AA-7D8D-4194-9F03-48991509EE71}.Debug|Any CPU.ActiveCfg = Debug|Any CPU
		{15EF84AA-7D8D-4194-9F03-48991509EE71}.Debug|Any CPU.Build.0 = Debug|Any CPU
		{15EF84AA-7D8D-4194-9F03-48991509EE71}.Debug|Any CPU.Deploy.0 = Debug|Any CPU
		{15EF84AA-7D8D-4194-9F03-48991509EE71}.Debug|x64.ActiveCfg = Debug|Any CPU
		{15EF84AA-7D8D-4194-9F03-48991509EE71}.Debug|x64.Build.0 = Debug|Any CPU
		{15EF84AA-7D8D-4194-9F03-48991509EE71}.Debug|x64.Deploy.0 = Debug|Any CPU
		{15EF84AA-7D8D-4194-9F03-48991509EE71}.Debug|x86.ActiveCfg = Debug|Any CPU
		{15EF84AA-7D8D-4194-9F03-48991509EE71}.Debug|x86.Build.0 = Debug|Any CPU
		{15EF84AA-7D8D-4194-9F03-48991509EE71}.Debug|x86.Deploy.0 = Debug|Any CPU
		{15EF84AA-7D8D-4194-9F03-48991509EE71}.Release|Any CPU.ActiveCfg = Release|Any CPU
		{15EF84AA-7D8D-4194-9F03-48991509EE71}.Release|Any CPU.Build.0 = Release|Any CPU
		{15EF84AA-7D8D-4194-9F03-48991509EE71}.Release|Any CPU.Deploy.0 = Release|Any CPU
		{15EF84AA-7D8D-4194-9F03-48991509EE71}.Release|x64.ActiveCfg = Release|Any CPU
		{15EF84AA-7D8D-4194-9F03-48991509EE71}.Release|x64.Build.0 = Release|Any CPU
		{15EF84AA-7D8D-4194-9F03-48991509EE71}.Release|x64.Deploy.0 = Release|Any CPU
		{15EF84AA-7D8D-4194-9F03-48991509EE71}.Release|x86.ActiveCfg = Release|Any CPU
		{15EF84AA-7D8D-4194-9F03-48991509EE71}.Release|x86.Build.0 = Release|Any CPU
		{15EF84AA-7D8D-4194-9F03-48991509EE71}.Release|x86.Deploy.0 = Release|Any CPU
	EndGlobalSection
	GlobalSection(SolutionProperties) = preSolution
		HideSolutionNode = FALSE
	EndGlobalSection
	GlobalSection(NestedProjects) = preSolution
		{9397DF9C-84BF-45C4-9247-86A282A5F34A} = {C8D5274F-AC00-46C7-1F8D-E88E81087A52}
		{15EF84AA-7D8D-4194-9F03-48991509EE71} = {C8D5274F-AC00-46C7-1F8D-E88E81087A52}
	EndGlobalSection
	GlobalSection(ExtensibilityGlobals) = postSolution
		SolutionGuid = {740E0B8B-369B-45D3-B05D-CF0EBC007D69}
	EndGlobalSection
EndGlobal
