<?xml version="1.0" encoding="utf-8"?>
<Project ToolsVersion="4.0" xmlns="http://schemas.microsoft.com/developer/msbuild/2003">
  <ItemGroup>
    <Filter Include="소스 파일">
      <UniqueIdentifier>{4FC737F1-C7A5-4376-A066-2A32D752A2FF}</UniqueIdentifier>
      <Extensions>cpp;c;cc;cxx;c++;cppm;ixx;def;odl;idl;hpj;bat;asm;asmx</Extensions>
    </Filter>
    <Filter Include="헤더 파일">
      <UniqueIdentifier>{93995380-89BD-4b04-88EB-625FBE52EBFB}</UniqueIdentifier>
      <Extensions>h;hh;hpp;hxx;h++;hm;inl;inc;ipp;xsd</Extensions>
    </Filter>
    <Filter Include="리소스 파일">
      <UniqueIdentifier>{67DA6AB6-F800-4c08-8B7A-83BB121AAD01}</UniqueIdentifier>
      <Extensions>rc;ico;cur;bmp;dlg;rc2;rct;bin;rgs;gif;jpg;jpeg;jpe;resx;tiff;tif;png;wav;mfcribbon-ms</Extensions>
    </Filter>
    <Filter Include="Global">
      <UniqueIdentifier>{db357a3e-b24e-45d9-9931-35b4dc9d4155}</UniqueIdentifier>
    </Filter>
    <Filter Include="소스 파일\MainThread">
      <UniqueIdentifier>{259b2040-f517-471e-9d8e-1472fbeea224}</UniqueIdentifier>
    </Filter>
    <Filter Include="소스 파일\NetMsgFunc">
      <UniqueIdentifier>{bbbea02d-d807-43f5-940f-21e03ee36473}</UniqueIdentifier>
    </Filter>
    <Filter Include="소스 파일\NetMsgFunc\Header">
      <UniqueIdentifier>{9fd77863-ea60-4870-a461-9d7e086df06a}</UniqueIdentifier>
    </Filter>
    <Filter Include="소스 파일\NetMsgFunc\Source">
      <UniqueIdentifier>{e955872d-62dc-4811-a17d-bef32c2e03a4}</UniqueIdentifier>
    </Filter>
  </ItemGroup>
  <ItemGroup>
    <ClCompile Include="MainServer.cpp">
      <Filter>소스 파일</Filter>
    </ClCompile>
    <ClCompile Include="..\Global\LogManager.cpp">
      <Filter>Global</Filter>
    </ClCompile>
    <ClCompile Include="..\Global\CreatDirectorys.cpp">
      <Filter>Global</Filter>
    </ClCompile>
    <ClCompile Include="Mainthread.cpp">
      <Filter>소스 파일\MainThread</Filter>
    </ClCompile>
    <ClCompile Include="NetMsgFuncLogin.cpp">
      <Filter>소스 파일\NetMsgFunc\Source</Filter>
    </ClCompile>
  </ItemGroup>
  <ItemGroup>
    <ClInclude Include="..\Global\Singleton.h">
      <Filter>Global</Filter>
    </ClInclude>
    <ClInclude Include="..\Global\CreatDirectorys.h">
      <Filter>Global</Filter>
    </ClInclude>
    <ClInclude Include="..\Global\LogManager.h">
      <Filter>Global</Filter>
    </ClInclude>
    <ClInclude Include="..\Global\Types.h">
      <Filter>Global</Filter>
    </ClInclude>
    <ClInclude Include="Mainthread.h">
      <Filter>소스 파일\MainThread</Filter>
    </ClInclude>
    <ClInclude Include="..\Global\UserSocket.h">
      <Filter>Global</Filter>
    </ClInclude>
    <ClInclude Include="NetMsg.h">
      <Filter>소스 파일\NetMsgFunc\Header</Filter>
    </ClInclude>
    <ClInclude Include="NetMsgLogin.h">
      <Filter>소스 파일\NetMsgFunc\Header</Filter>
    </ClInclude>
  </ItemGroup>
</Project>