<?xml version="1.0" encoding="utf-8"?>
<Project ToolsVersion="4.0" xmlns="http://schemas.microsoft.com/developer/msbuild/2003">
  <ItemGroup>
    <Filter Include="소스 파일">
      <UniqueIdentifier>{4FC737F1-C7A5-4376-A066-2A32D752A2FF}</UniqueIdentifier>
      <Extensions>cpp;c;cc;cxx;c++;cppm;ixx;def;odl;idl;hpj;bat;asm;asmx</Extensions>
    </Filter>
    <Filter Include="헤더 파일">
      <UniqueIdentifier>{93995380-89BD-4b04-88EB-625FBE52EBFB}</UniqueIdentifier>
      <Extensions>h;hh;hpp;hxx;h++;hm;inl;inc;ipp;xsd</Extensions>
    </Filter>
    <Filter Include="Global">
      <UniqueIdentifier>{db357a3e-b24e-45d9-9931-35b4dc9d4155}</UniqueIdentifier>
    </Filter>
    <Filter Include="NetMsgFunc">
      <UniqueIdentifier>{5ef95582-bcef-4519-bc86-8b75443d1631}</UniqueIdentifier>
    </Filter>
    <Filter Include="NetMsgFunc\Header">
      <UniqueIdentifier>{9fd77863-ea60-4870-a461-9d7e086df06a}</UniqueIdentifier>
    </Filter>
    <Filter Include="NetMsgFunc\Source">
      <UniqueIdentifier>{e955872d-62dc-4811-a17d-bef32c2e03a4}</UniqueIdentifier>
    </Filter>
    <Filter Include="MainThread">
      <UniqueIdentifier>{e5fc4e0e-f260-4504-b9a1-4273222d74b1}</UniqueIdentifier>
    </Filter>
  </ItemGroup>
  <ItemGroup>
    <ClCompile Include="MainServer.cpp">
      <Filter>소스 파일</Filter>
    </ClCompile>
    <ClCompile Include="NetMsgFuncLogin.cpp">
      <Filter>NetMsgFunc\Source</Filter>
    </ClCompile>
    <ClCompile Include="NetMsg.cpp">
      <Filter>NetMsgFunc\Source</Filter>
    </ClCompile>
    <ClCompile Include="Mainthread.cpp">
      <Filter>MainThread</Filter>
    </ClCompile>
  </ItemGroup>
  <ItemGroup>
    <ClInclude Include="..\Global\CreatDirectorys.h">
      <Filter>Global</Filter>
    </ClInclude>
    <ClInclude Include="..\Global\LogManager.h">
      <Filter>Global</Filter>
    </ClInclude>
    <ClInclude Include="..\Global\NetWork.h">
      <Filter>Global</Filter>
    </ClInclude>
    <ClInclude Include="..\Global\Singleton.h">
      <Filter>Global</Filter>
    </ClInclude>
    <ClInclude Include="..\Global\Types.h">
      <Filter>Global</Filter>
    </ClInclude>
    <ClInclude Include="..\Global\UserSocket.h">
      <Filter>Global</Filter>
    </ClInclude>
    <ClInclude Include="..\Global\Protocol\NetMsg.h">
      <Filter>NetMsgFunc\Header</Filter>
    </ClInclude>
    <ClInclude Include="..\Global\Protocol\NetMsgChat.h">
      <Filter>NetMsgFunc\Header</Filter>
    </ClInclude>
    <ClInclude Include="..\Global\Protocol\NetMsgLogin.h">
      <Filter>NetMsgFunc\Header</Filter>
    </ClInclude>
    <ClInclude Include="..\Global\Protocol\NetMsgMain.h">
      <Filter>NetMsgFunc\Header</Filter>
    </ClInclude>
    <ClInclude Include="..\Global\Protocol\NetMsgMemCached.h">
      <Filter>NetMsgFunc\Header</Filter>
    </ClInclude>
    <ClInclude Include="..\Global\Protocol\NetMsgUser.h">
      <Filter>NetMsgFunc\Header</Filter>
    </ClInclude>
    <ClInclude Include="..\Global\Protocol\NetMsgUserS.h">
      <Filter>NetMsgFunc\Header</Filter>
    </ClInclude>
    <ClInclude Include="Mainthread.h">
      <Filter>MainThread</Filter>
    </ClInclude>
  </ItemGroup>
</Project>