<?xml version="1.0" encoding="utf-8"?>
<Project ToolsVersion="4.0" xmlns="http://schemas.microsoft.com/developer/msbuild/2003">
  <ItemGroup>
    <Filter Include="소스 파일">
      <UniqueIdentifier>{4FC737F1-C7A5-4376-A066-2A32D752A2FF}</UniqueIdentifier>
      <Extensions>cpp;c;cc;cxx;c++;cppm;ixx;def;odl;idl;hpj;bat;asm;asmx</Extensions>
    </Filter>
    <Filter Include="헤더 파일">
      <UniqueIdentifier>{93995380-89BD-4b04-88EB-625FBE52EBFB}</UniqueIdentifier>
      <Extensions>h;hh;hpp;hxx;h++;hm;inl;inc;ipp;xsd</Extensions>
    </Filter>
    <Filter Include="리소스 파일">
      <UniqueIdentifier>{67DA6AB6-F800-4c08-8B7A-83BB121AAD01}</UniqueIdentifier>
      <Extensions>rc;ico;cur;bmp;dlg;rc2;rct;bin;rgs;gif;jpg;jpeg;jpe;resx;tiff;tif;png;wav;mfcribbon-ms</Extensions>
    </Filter>
    <Filter Include="소스 파일\MainThread">
      <UniqueIdentifier>{d9efa495-dd95-4413-95f3-27b1958dad42}</UniqueIdentifier>
    </Filter>
    <Filter Include="Global">
      <UniqueIdentifier>{4ba977d9-c830-4136-bcb9-5d747a2a4cc5}</UniqueIdentifier>
    </Filter>
    <Filter Include="소스 파일\NetMsgFunc">
      <UniqueIdentifier>{e0ead762-a859-4c0f-af69-abed911fd556}</UniqueIdentifier>
    </Filter>
    <Filter Include="소스 파일\NetMsgFunc\Header">
      <UniqueIdentifier>{762cc074-eacc-4cdc-b6fa-704bdaac121d}</UniqueIdentifier>
    </Filter>
    <Filter Include="소스 파일\NetMsgFunc\Source">
      <UniqueIdentifier>{0f80113a-42e0-477c-a9c6-ba479a053bf9}</UniqueIdentifier>
    </Filter>
  </ItemGroup>
  <ItemGroup>
    <ClCompile Include="LoginServer.cpp">
      <Filter>소스 파일</Filter>
    </ClCompile>
    <ClCompile Include="Mainthread.cpp">
      <Filter>소스 파일\MainThread</Filter>
    </ClCompile>
    <ClCompile Include="NetMsgFuncMain.cpp">
      <Filter>소스 파일\NetMsgFunc\Source</Filter>
    </ClCompile>
    <ClCompile Include="NetMsg.cpp">
      <Filter>소스 파일\NetMsgFunc\Source</Filter>
    </ClCompile>
  </ItemGroup>
  <ItemGroup>
    <ClInclude Include="Mainthread.h">
      <Filter>소스 파일\MainThread</Filter>
    </ClInclude>
    <ClInclude Include="..\Global\CreatDirectorys.h">
      <Filter>Global</Filter>
    </ClInclude>
    <ClInclude Include="..\Global\LogManager.h">
      <Filter>Global</Filter>
    </ClInclude>
    <ClInclude Include="..\Global\Singleton.h">
      <Filter>Global</Filter>
    </ClInclude>
    <ClInclude Include="..\Global\Types.h">
      <Filter>Global</Filter>
    </ClInclude>
    <ClInclude Include="..\Global\UserSocket.h">
      <Filter>Global</Filter>
    </ClInclude>
    <ClInclude Include="NetMsgUser.h">
      <Filter>소스 파일\NetMsgFunc\Header</Filter>
    </ClInclude>
    <ClInclude Include="NetMsg.h">
      <Filter>소스 파일\NetMsgFunc\Header</Filter>
    </ClInclude>
    <ClInclude Include="NetMsgMain.h">
      <Filter>소스 파일\NetMsgFunc\Header</Filter>
    </ClInclude>
    <ClInclude Include="..\Global\NetWork.h">
      <Filter>Global</Filter>
    </ClInclude>
  </ItemGroup>
</Project>