<?xml version="1.0" encoding="utf-8"?>
<Project ToolsVersion="4.0" xmlns="http://schemas.microsoft.com/developer/msbuild/2003">
  <ItemGroup>
    <Filter Include="소스 파일">
      <UniqueIdentifier>{4FC737F1-C7A5-4376-A066-2A32D752A2FF}</UniqueIdentifier>
      <Extensions>cpp;c;cc;cxx;c++;cppm;ixx;def;odl;idl;hpj;bat;asm;asmx</Extensions>
    </Filter>
    <Filter Include="헤더 파일">
      <UniqueIdentifier>{93995380-89BD-4b04-88EB-625FBE52EBFB}</UniqueIdentifier>
      <Extensions>h;hh;hpp;hxx;h++;hm;inl;inc;ipp;xsd</Extensions>
    </Filter>
    <Filter Include="NetMsgFunc">
      <UniqueIdentifier>{9754447e-db70-46b6-b4ae-610c5236aa77}</UniqueIdentifier>
    </Filter>
    <Filter Include="NetMsgFunc\Header">
      <UniqueIdentifier>{2c6d69fd-c316-4425-a8be-2097e7f94351}</UniqueIdentifier>
    </Filter>
    <Filter Include="NetMsgFunc\Source">
      <UniqueIdentifier>{85bcfe1a-b835-4358-a272-7309169bbed8}</UniqueIdentifier>
    </Filter>
  </ItemGroup>
  <ItemGroup>
    <ClCompile Include="ChatServer.cpp">
      <Filter>소스 파일</Filter>
    </ClCompile>
  </ItemGroup>
  <ItemGroup>
    <ClInclude Include="..\Global\Protocol\NetMsg.h">
      <Filter>NetMsgFunc\Header</Filter>
    </ClInclude>
    <ClInclude Include="..\Global\Protocol\NetMsgChat.h">
      <Filter>NetMsgFunc\Header</Filter>
    </ClInclude>
    <ClInclude Include="..\Global\Protocol\NetMsgLogin.h">
      <Filter>NetMsgFunc\Header</Filter>
    </ClInclude>
    <ClInclude Include="..\Global\Protocol\NetMsgMain.h">
      <Filter>NetMsgFunc\Header</Filter>
    </ClInclude>
    <ClInclude Include="..\Global\Protocol\NetMsgMemCached.h">
      <Filter>NetMsgFunc\Header</Filter>
    </ClInclude>
    <ClInclude Include="..\Global\Protocol\NetMsgUser.h">
      <Filter>NetMsgFunc\Header</Filter>
    </ClInclude>
    <ClInclude Include="..\Global\Protocol\NetMsgUserS.h">
      <Filter>NetMsgFunc\Header</Filter>
    </ClInclude>
  </ItemGroup>
</Project>