
Microsoft Visual Studio Solution File, Format Version 12.00
# Visual Studio Version 17
VisualStudioVersion = 17.14.36221.1 d17.14
MinimumVisualStudioVersion = 10.0.40219.1
Project("{8BC9CEB8-8B4A-11D0-8D11-00A0C91BC942}") = "Client", "Client\Client.vcxproj", "{819BBB04-C2AE-42A9-B000-CD531D75E061}"
EndProject
Global
	GlobalSection(SolutionConfigurationPlatforms) = preSolution
		Debug|x64 = Debug|x64
		Debug|x86 = Debug|x86
		Release|x64 = Release|x64
		Release|x86 = Release|x86
	EndGlobalSection
	GlobalSection(ProjectConfigurationPlatforms) = postSolution
		{819BBB04-C2AE-42A9-B000-CD531D75E061}.Debug|x64.ActiveCfg = Debug|x64
		{819BBB04-C2AE-42A9-B000-CD531D75E061}.Debug|x64.Build.0 = Debug|x64
		{819BBB04-C2AE-42A9-B000-CD531D75E061}.Debug|x86.ActiveCfg = Debug|Win32
		{819BBB04-C2AE-42A9-B000-CD531D75E061}.Debug|x86.Build.0 = Debug|Win32
		{819BBB04-C2AE-42A9-B000-CD531D75E061}.Release|x64.ActiveCfg = Release|x64
		{819BBB04-C2AE-42A9-B000-CD531D75E061}.Release|x64.Build.0 = Release|x64
		{819BBB04-C2AE-42A9-B000-CD531D75E061}.Release|x86.ActiveCfg = Release|Win32
		{819BBB04-C2AE-42A9-B000-CD531D75E061}.Release|x86.Build.0 = Release|Win32
	EndGlobalSection
	GlobalSection(SolutionProperties) = preSolution
		HideSolutionNode = FALSE
	EndGlobalSection
	GlobalSection(ExtensibilityGlobals) = postSolution
		SolutionGuid = {0700A161-DD89-4C06-95B1-020CD6370385}
	EndGlobalSection
EndGlobal
