<?xml version="1.0" encoding="utf-8"?>
<Project ToolsVersion="4.0" xmlns="http://schemas.microsoft.com/developer/msbuild/2003">
  <ItemGroup>
    <Filter Include="소스 파일">
      <UniqueIdentifier>{4FC737F1-C7A5-4376-A066-2A32D752A2FF}</UniqueIdentifier>
      <Extensions>cpp;c;cc;cxx;c++;cppm;ixx;def;odl;idl;hpj;bat;asm;asmx</Extensions>
    </Filter>
    <Filter Include="헤더 파일">
      <UniqueIdentifier>{93995380-89BD-4b04-88EB-625FBE52EBFB}</UniqueIdentifier>
      <Extensions>h;hh;hpp;hxx;h++;hm;inl;inc;ipp;xsd</Extensions>
    </Filter>
    <Filter Include="Global">
      <UniqueIdentifier>{f213e9d8-5499-483d-8888-8afbd9082ee9}</UniqueIdentifier>
    </Filter>
    <Filter Include="Global\Protocol">
      <UniqueIdentifier>{18261d98-4cfb-4317-a990-98af1c9930dd}</UniqueIdentifier>
    </Filter>
  </ItemGroup>
  <ItemGroup>
    <ClCompile Include="Client.cpp">
      <Filter>소스 파일</Filter>
    </ClCompile>
  </ItemGroup>
  <ItemGroup>
    <ClInclude Include="..\..\Server\Global\CreatDirectorys.h">
      <Filter>Global</Filter>
    </ClInclude>
    <ClInclude Include="..\..\Server\Global\DataBaseManager.h">
      <Filter>Global</Filter>
    </ClInclude>
    <ClInclude Include="..\..\Server\Global\LogManager.h">
      <Filter>Global</Filter>
    </ClInclude>
    <ClInclude Include="..\..\Server\Global\NetWork.h">
      <Filter>Global</Filter>
    </ClInclude>
    <ClInclude Include="..\..\Server\Global\Singleton.h">
      <Filter>Global</Filter>
    </ClInclude>
    <ClInclude Include="..\..\Server\Global\ThreadSafeQueue.h">
      <Filter>Global</Filter>
    </ClInclude>
    <ClInclude Include="..\..\Server\Global\Types.h">
      <Filter>Global</Filter>
    </ClInclude>
    <ClInclude Include="..\..\Server\Global\UserSocket.h">
      <Filter>Global</Filter>
    </ClInclude>
    <ClInclude Include="..\..\Server\Global\Protocol\NetMsg.h">
      <Filter>Global\Protocol</Filter>
    </ClInclude>
    <ClInclude Include="..\..\Server\Global\Protocol\NetMsgChat.h">
      <Filter>Global\Protocol</Filter>
    </ClInclude>
    <ClInclude Include="..\..\Server\Global\Protocol\NetMsgLogin.h">
      <Filter>Global\Protocol</Filter>
    </ClInclude>
    <ClInclude Include="..\..\Server\Global\Protocol\NetMsgMain.h">
      <Filter>Global\Protocol</Filter>
    </ClInclude>
    <ClInclude Include="..\..\Server\Global\Protocol\NetMsgMemCached.h">
      <Filter>Global\Protocol</Filter>
    </ClInclude>
    <ClInclude Include="..\..\Server\Global\Protocol\NetMsgUser.h">
      <Filter>Global\Protocol</Filter>
    </ClInclude>
    <ClInclude Include="..\..\Server\Global\Protocol\NetMsgUserS.h">
      <Filter>Global\Protocol</Filter>
    </ClInclude>
  </ItemGroup>
</Project>