<?xml version="1.0" encoding="utf-8"?>
<Project ToolsVersion="4.0" xmlns="http://schemas.microsoft.com/developer/msbuild/2003">
  <ItemGroup>
    <Filter Include="소스 파일">
      <UniqueIdentifier>{4FC737F1-C7A5-4376-A066-2A32D752A2FF}</UniqueIdentifier>
      <Extensions>cpp;c;cc;cxx;c++;cppm;ixx;def;odl;idl;hpj;bat;asm;asmx</Extensions>
    </Filter>
    <Filter Include="헤더 파일">
      <UniqueIdentifier>{93995380-89BD-4b04-88EB-625FBE52EBFB}</UniqueIdentifier>
      <Extensions>h;hh;hpp;hxx;h++;hm;inl;inc;ipp;xsd</Extensions>
    </Filter>
    <Filter Include="Protocol">
      <UniqueIdentifier>{78dc4749-0474-429e-8deb-eb8e51db414b}</UniqueIdentifier>
    </Filter>
    <Filter Include="Protocol\Header">
      <UniqueIdentifier>{5d58632f-fa84-4522-993c-73b6e221a160}</UniqueIdentifier>
    </Filter>
  </ItemGroup>
  <ItemGroup>
    <ClInclude Include="framework.h">
      <Filter>헤더 파일</Filter>
    </ClInclude>
    <ClInclude Include="pch.h">
      <Filter>헤더 파일</Filter>
    </ClInclude>
    <ClInclude Include="..\Global\CreatDirectorys.h">
      <Filter>헤더 파일</Filter>
    </ClInclude>
    <ClInclude Include="..\Global\LogManager.h">
      <Filter>헤더 파일</Filter>
    </ClInclude>
    <ClInclude Include="..\Global\NetWork.h">
      <Filter>헤더 파일</Filter>
    </ClInclude>
    <ClInclude Include="..\Global\Singleton.h">
      <Filter>헤더 파일</Filter>
    </ClInclude>
    <ClInclude Include="..\Global\Types.h">
      <Filter>헤더 파일</Filter>
    </ClInclude>
    <ClInclude Include="..\Global\UserSocket.h">
      <Filter>헤더 파일</Filter>
    </ClInclude>
    <ClInclude Include="..\Global\DataBaseManager.h">
      <Filter>헤더 파일</Filter>
    </ClInclude>
    <ClInclude Include="..\Global\ThreadSafeQueue.h">
      <Filter>헤더 파일</Filter>
    </ClInclude>
    <ClInclude Include="..\Global\Protocol\NetMsg.h">
      <Filter>Protocol\Header</Filter>
    </ClInclude>
    <ClInclude Include="..\Global\Protocol\NetMsgLogin.h">
      <Filter>Protocol\Header</Filter>
    </ClInclude>
    <ClInclude Include="..\Global\Protocol\NetMsgMain.h">
      <Filter>Protocol\Header</Filter>
    </ClInclude>
    <ClInclude Include="..\Global\Protocol\NetMsgMemCached.h">
      <Filter>Protocol\Header</Filter>
    </ClInclude>
    <ClInclude Include="..\Global\Protocol\NetMsgUser.h">
      <Filter>Protocol\Header</Filter>
    </ClInclude>
    <ClInclude Include="..\Global\Protocol\NetMsgChat.h">
      <Filter>Protocol\Header</Filter>
    </ClInclude>
    <ClInclude Include="..\Global\Protocol\NetMsgUserS.h">
      <Filter>Protocol\Header</Filter>
    </ClInclude>
  </ItemGroup>
  <ItemGroup>
    <ClCompile Include="GlobalLib.cpp">
      <Filter>소스 파일</Filter>
    </ClCompile>
    <ClCompile Include="pch.cpp">
      <Filter>소스 파일</Filter>
    </ClCompile>
    <ClCompile Include="CreatDirectorys.cpp">
      <Filter>소스 파일</Filter>
    </ClCompile>
    <ClCompile Include="LogManager.cpp">
      <Filter>소스 파일</Filter>
    </ClCompile>
    <ClCompile Include="DataBaseManager.cpp">
      <Filter>소스 파일</Filter>
    </ClCompile>
  </ItemGroup>
</Project>